
Microsoft Visual Studio Solution File, Format Version 12.00
# Visual Studio Version 16
VisualStudioVersion = 16.0.31729.503
MinimumVisualStudioVersion = 10.0.40219.1
Project("{FAE04EC0-301F-11D3-BF4B-00C04F79EFBC}") = "BancoDoBrasilPixClient.Lib", "BancoDoBrasilPixClient.Lib\BancoDoBrasilPixClient.Lib.csproj", "{C61BC37C-C458-4965-B040-6BDAB55A6150}"
EndProject
Project("{FAE04EC0-301F-11D3-BF4B-00C04F79EFBC}") = "BancoDoBrasilPixClient.Test", "BancoDoBrasilPixClient.Test\BancoDoBrasilPixClient.Test.csproj", "{A73F814A-605B-48E9-9172-8AB0D22512B9}"
EndProject
Global
	GlobalSection(SolutionConfigurationPlatforms) = preSolution
		Debug|Any CPU = Debug|Any CPU
		Release|Any CPU = Release|Any CPU
	EndGlobalSection
	GlobalSection(ProjectConfigurationPlatforms) = postSolution
		{C61BC37C-C458-4965-B040-6BDAB55A6150}.Debug|Any CPU.ActiveCfg = Debug|Any CPU
		{C61BC37C-C458-4965-B040-6BDAB55A6150}.Debug|Any CPU.Build.0 = Debug|Any CPU
		{C61BC37C-C458-4965-B040-6BDAB55A6150}.Release|Any CPU.ActiveCfg = Release|Any CPU
		{C61BC37C-C458-4965-B040-6BDAB55A6150}.Release|Any CPU.Build.0 = Release|Any CPU
		{A73F814A-605B-48E9-9172-8AB0D22512B9}.Debug|Any CPU.ActiveCfg = Debug|Any CPU
		{A73F814A-605B-48E9-9172-8AB0D22512B9}.Debug|Any CPU.Build.0 = Debug|Any CPU
		{A73F814A-605B-48E9-9172-8AB0D22512B9}.Release|Any CPU.ActiveCfg = Release|Any CPU
		{A73F814A-605B-48E9-9172-8AB0D22512B9}.Release|Any CPU.Build.0 = Release|Any CPU
	EndGlobalSection
	GlobalSection(SolutionProperties) = preSolution
		HideSolutionNode = FALSE
	EndGlobalSection
	GlobalSection(ExtensibilityGlobals) = postSolution
		SolutionGuid = {035C5FB8-EB09-449E-9E40-625B6183137E}
	EndGlobalSection
EndGlobal
